# This file is generated by running "yarn install" inside your project.
# Manual changes might be lost - proceed with caution!

__metadata:
  version: 7
  cacheKey: 9

"@nodelib/fs.scandir@npm:2.1.5":
  version: 2.1.5
  resolution: "@nodelib/fs.scandir@npm:2.1.5"
  dependencies:
    "@nodelib/fs.stat": "npm:2.0.5"
    run-parallel: "npm:^1.1.9"
  checksum: 5f309a3b375738e97d4f3cf73ace218690d5a1cfdf98202c6b46bfda61f4317e0e0036c81b040b147e7d1632c7da2e2462e47660de428917cacaebfa2a0a20c7
  languageName: node
  linkType: hard

"@nodelib/fs.stat@npm:2.0.5, @nodelib/fs.stat@npm:^2.0.2":
  version: 2.0.5
  resolution: "@nodelib/fs.stat@npm:2.0.5"
  checksum: 594d04bcf578d15af65b510dbd9c0dc2458d2a7ef1b403924f22f64d397e965efa8c6854b3fee3395244ae642e28d896ab9d04c5ee5c46ef4fda1d48eaaef19c
  languageName: node
  linkType: hard

"@nodelib/fs.walk@npm:^1.2.3":
  version: 1.2.8
  resolution: "@nodelib/fs.walk@npm:1.2.8"
  dependencies:
    "@nodelib/fs.scandir": "npm:2.1.5"
    fastq: "npm:^1.6.0"
  checksum: 3542284aa2d6e313cfd4ae40a2502b53e1f35da6f4f9890422aad018c04866f6bfb96c4105e23dbd9fb93cfc630cc607777df658a3a525d63a3bfb9bcb2b0f21
  languageName: node
  linkType: hard

"@pkgr/utils@npm:^2.3.1":
  version: 2.3.1
  resolution: "@pkgr/utils@npm:2.3.1"
  dependencies:
    cross-spawn: "npm:^7.0.3"
    is-glob: "npm:^4.0.3"
    open: "npm:^8.4.0"
    picocolors: "npm:^1.0.0"
    tiny-glob: "npm:^0.2.9"
    tslib: "npm:^2.4.0"
  checksum: aa2434a9fb5f4e9c594575186d1251b3acc8f05c90dfa1e7b016340064235600f64d4e684775a5594c269be5d70ba10d41ca48660683a7dd7753707bad6e9478
  languageName: node
  linkType: hard

"@prisma/prisma-fmt-wasm@npm:4.8.0-62.351fb726ff78e50c7d6db6331d66d4db0e378c53":
  version: 4.8.0-62.351fb726ff78e50c7d6db6331d66d4db0e378c53
  resolution: "@prisma/prisma-fmt-wasm@npm:4.8.0-62.351fb726ff78e50c7d6db6331d66d4db0e378c53"
  checksum: 28ed413aa5fcd4920e764cd17bcef491a4bb504efd15d72edce7082c05c8253e3af98ce985d2d6fff5d38bc28de47dd8b2a78eb21178c86f3a28ff2c94f903c8
  languageName: node
  linkType: hard

"@types/glob@npm:^7.1.1":
  version: 7.2.0
  resolution: "@types/glob@npm:7.2.0"
  dependencies:
    "@types/minimatch": "npm:*"
    "@types/node": "npm:*"
  checksum: 28f927f9e0d7f5cecafc843e0c97f79fd3afe5874d71f35ad9343352fe14fd4d6e4136cc07688e46680d1972561751fdf4468762c7de5ac32f8cf902cd1f230f
  languageName: node
  linkType: hard

"@types/minimatch@npm:*":
  version: 5.1.2
  resolution: "@types/minimatch@npm:5.1.2"
  checksum: 698855336a92f768d02526d019efcf80e32d65ea5d044a5a0a909a923a9cfccc55e61284fd2c5dc71a51e9b5f0b4dc651cb187683f811582815a5206f534d04b
  languageName: node
  linkType: hard

"@types/node@npm:*":
  version: 18.11.18
  resolution: "@types/node@npm:18.11.18"
  checksum: bd39552701928d4a1613bc46adf8b65f8212064c2b5475a67161b6c4cef21ddb0a5c2ba062673213f8f5301ef6e171241a9e274a9b59c9fc1f5e2b69764740eb
  languageName: node
  linkType: hard

"array-union@npm:^2.1.0":
  version: 2.1.0
  resolution: "array-union@npm:2.1.0"
  checksum: 0644809ce6ada3bcf5d25379f3c96f0335dd45516da5303fcb9eb2477dc8ad222fe39be2d0b58a7bbc3207e68d714e5f592316b881e2b13a11cd705d11cc5d45
  languageName: node
  linkType: hard

"balanced-match@npm:^1.0.0":
  version: 1.0.2
  resolution: "balanced-match@npm:1.0.2"
  checksum: 9ca7fca1845f06edbd8478e209a2e8eed5bb148a021719e77affeaf0c61e45af20279e4540a9f11942acc27c078fc132ff0ebc9c16a403033cff5af3d8199f40
  languageName: node
  linkType: hard

"brace-expansion@npm:^1.1.7":
  version: 1.1.11
  resolution: "brace-expansion@npm:1.1.11"
  dependencies:
    balanced-match: "npm:^1.0.0"
    concat-map: "npm:0.0.1"
  checksum: 5ecc6da29cd3b4d49a832fd8e48f3a8b6ac058f82fe778eb6751ed30a206c5ec5171f6f632aa1946ffb4f8151136740803f620b15edca8437a9348cbb21a8ba8
  languageName: node
  linkType: hard

"braces@npm:^3.0.2":
  version: 3.0.2
  resolution: "braces@npm:3.0.2"
  dependencies:
    fill-range: "npm:^7.0.1"
  checksum: 1aa7f7f39e1dff23894196303515503dd945f36adcb78073ee067b421ecc595265556911183b24d1bc4e51011d3536d63d117cb4493e5123fcc7456596a93637
  languageName: node
  linkType: hard

"concat-map@npm:0.0.1":
  version: 0.0.1
  resolution: "concat-map@npm:0.0.1"
  checksum: 88222f18b3a68b71fe4473a146c8ed3315ec0488703104319c53543ad4668af3e79418ab79e2fa8032ee04c3eb45cc478815b89877a048cc5ba34e201bc15c35
  languageName: node
  linkType: hard

"cross-spawn@npm:^7.0.3":
  version: 7.0.3
  resolution: "cross-spawn@npm:7.0.3"
  dependencies:
    path-key: "npm:^3.1.0"
    shebang-command: "npm:^2.0.0"
    which: "npm:^2.0.1"
  checksum: 37ec685f91f04d4719892f305fa6f632aae256df7f2f3f98d5c36f2197651ad7b77851aaa2d397d19a9555f0fb89fa18f9bb3ff4b440535cc0fb4fe0a72004b9
  languageName: node
  linkType: hard

"define-lazy-prop@npm:^2.0.0":
  version: 2.0.0
  resolution: "define-lazy-prop@npm:2.0.0"
  checksum: 53656037e7b33e52c0cb39d8348c92087b961711c89fa7df07e6c8cfe5039d17157ee8e22c00bbdd4d1038a114f2d38821fcef4668d4c87854635ec13e87b808
  languageName: node
  linkType: hard

"detect-indent@npm:^6.0.0":
  version: 6.1.0
  resolution: "detect-indent@npm:6.1.0"
  checksum: 0f487ae80c5304387dec92ab348cf709111c2860792e2681cd42cfdda0e2242dd32431862a32e8ece7f21fa0ab3205719b69e49fc887c43d79922f0cb2cc328b
  languageName: node
  linkType: hard

"detect-newline@npm:3.1.0":
  version: 3.1.0
  resolution: "detect-newline@npm:3.1.0"
  checksum: cd4fd05735c6964f5d5a8cfa03aba5e9e89c491fb47f37c89b85f02b2581a1a7e9a2c8b3d904fa575463db59b706aaa494413dd11e10323daf990c33fc2d85bd
  languageName: node
  linkType: hard

"dir-glob@npm:^3.0.1":
  version: 3.0.1
  resolution: "dir-glob@npm:3.0.1"
  dependencies:
    path-type: "npm:^4.0.0"
  checksum: 713590b89f9d09b80da82094419260ee15f4e67da692659876ac747ee38788dbb8b2bd5d2749bbcf298ce934888e378569f01895a136a09b54d1b28753e337c7
  languageName: node
  linkType: hard

"dot-properties@npm:^1.0.0":
  version: 1.0.1
  resolution: "dot-properties@npm:1.0.1"
  checksum: 47098d9885b84778dbfba93ef31cb1d5eb36f5c1dc3a7913df9c33c981178bf3a88a4c8aabf0757f6aa5e7c9461fb8abd0e216e1a848f3b1fb5d1e0285b08581
  languageName: node
  linkType: hard

"fast-glob@npm:^3.0.3":
  version: 3.2.12
  resolution: "fast-glob@npm:3.2.12"
  dependencies:
    "@nodelib/fs.stat": "npm:^2.0.2"
    "@nodelib/fs.walk": "npm:^1.2.3"
    glob-parent: "npm:^5.1.2"
    merge2: "npm:^1.3.0"
    micromatch: "npm:^4.0.4"
  checksum: 3b98e0cadbf2aea3fa2be76e28b0c895bb18d920ccb7b3d3f603a464e3dc2c6a89a8afb9f9765226bd4d4d74b70e880721ff7a57a267c2eaa11353f35d42d11b
  languageName: node
  linkType: hard

"fastq@npm:^1.6.0":
  version: 1.15.0
  resolution: "fastq@npm:1.15.0"
  dependencies:
    reusify: "npm:^1.0.4"
  checksum: 9c256d4b1c55c2a494ef198632ad19b801f98fb05b804c761c8c733da58b8f63888fdfe5e4c8ec7144f369135b71f23da1457e71b3aebaa943d2d5337bb86262
  languageName: node
  linkType: hard

"fill-range@npm:^7.0.1":
  version: 7.0.1
  resolution: "fill-range@npm:7.0.1"
  dependencies:
    to-regex-range: "npm:^5.0.1"
  checksum: e5ccb299de8a12ea5dcef663f658933e2fbdf40aeab3e7e5af9132e82d7f6bdd0984ac2e122dc1825707f33917c308bc40b632b852331c900c317c5d64bb7bf0
  languageName: node
  linkType: hard

"fs.realpath@npm:^1.0.0":
  version: 1.0.0
  resolution: "fs.realpath@npm:1.0.0"
  checksum: 477fb3547134ce67d71531a19b2597028d2efaeced56a2fcb125ba9994a4204685d256795e4a5b68e5d866d11d8d0dd9050937cb44037beb4caeb3acb75602e2
  languageName: node
  linkType: hard

"git-hooks-list@npm:1.0.3":
  version: 1.0.3
  resolution: "git-hooks-list@npm:1.0.3"
  checksum: 4540ed77021f90d33fe77771a58cd5abe406793abe3aa939b61a36fee578cda353ed2ba2af4388a5a20f7c12823fe3b1ed80cd5e5ca617009aae8498a03cc928
  languageName: node
  linkType: hard

"glob-parent@npm:^5.1.2":
  version: 5.1.2
  resolution: "glob-parent@npm:5.1.2"
  dependencies:
    is-glob: "npm:^4.0.1"
  checksum: 2a8fd4de469543f6160dbfff5c59950e39494fc8b692ca7e1d0a5564450dee53228370b43bcfdeda82c2f96b26de618ef8aa5ece28090fcd568c411b6148241d
  languageName: node
  linkType: hard

"glob@npm:^7.1.3":
  version: 7.2.3
  resolution: "glob@npm:7.2.3"
  dependencies:
    fs.realpath: "npm:^1.0.0"
    inflight: "npm:^1.0.4"
    inherits: "npm:2"
    minimatch: "npm:^3.1.1"
    once: "npm:^1.3.0"
    path-is-absolute: "npm:^1.0.0"
  checksum: c55966a5db7ed2f30976a1490f3165f9d4e20ac7cabf01b55da4cc4f8f53a4c506e6f427e469c2fbf68636200871f3acf07e159ba6d9b65e7386216b98474a34
  languageName: node
  linkType: hard

"globalyzer@npm:0.1.0":
  version: 0.1.0
  resolution: "globalyzer@npm:0.1.0"
  checksum: e52e064b89ef5a42ce76b92a4919e518c80615c80839f7d214f51c96ce5945308147a422a11c853760fc7a9a41cf8cc8fb7813c5816f2808d8fd4c066d0805a9
  languageName: node
  linkType: hard

"globby@npm:10.0.0":
  version: 10.0.0
  resolution: "globby@npm:10.0.0"
  dependencies:
    "@types/glob": "npm:^7.1.1"
    array-union: "npm:^2.1.0"
    dir-glob: "npm:^3.0.1"
    fast-glob: "npm:^3.0.3"
    glob: "npm:^7.1.3"
    ignore: "npm:^5.1.1"
    merge2: "npm:^1.2.3"
    slash: "npm:^3.0.0"
  checksum: 9b3ba3d82b9b90821cb3d517303edf6f98fd8854a1c60d2e1aecdb544b078a17eaf10c0b50449df6438f52d0f960501578c650e4cf3ef6336667511cb2756318
  languageName: node
  linkType: hard

"globrex@npm:^0.1.2":
  version: 0.1.2
  resolution: "globrex@npm:0.1.2"
  checksum: e1f161f0e15cdfc29df57c8d3d8380063e7f0f8ea0322ae5fbec9fe14ebc62fd337d65a2d80a479faade7c7ef079e062eb11586e43016d0b6b5989bd2e7b1d1b
  languageName: node
  linkType: hard

"ignore@npm:^5.1.1":
  version: 5.2.4
  resolution: "ignore@npm:5.2.4"
  checksum: 55c58d848bb753a2b7e0b4a19352f9212eae2e4a05e4a12753e90b921108a6caa140adf958a5084b144bedd886b44e3bc93f6b4839e5aba1fb4a72c6625da4c1
  languageName: node
  linkType: hard

"inflight@npm:^1.0.4":
  version: 1.0.6
  resolution: "inflight@npm:1.0.6"
  dependencies:
    once: "npm:^1.3.0"
    wrappy: "npm:1"
  checksum: 40d0e5db34e05d49b9ad9ac678334269745644f73206862a8dee6e50ada1c8b3e70774ce28d5e6e3b03b7b868c9d9ae1edaf6eff253fc50209e4c69decad1811
  languageName: node
  linkType: hard

"inherits@npm:2":
  version: 2.0.4
  resolution: "inherits@npm:2.0.4"
  checksum: ca76c7e45ec715bfe6c1dd67b780b9a15068f37b37ab56cf8b773537b2654238469a42950f5f4d301212755e7512be888f627752e778e1863d95cfedefc8b8bd
  languageName: node
  linkType: hard

"is-docker@npm:^2.0.0, is-docker@npm:^2.1.1":
  version: 2.2.1
  resolution: "is-docker@npm:2.2.1"
  bin:
    is-docker: cli.js
  checksum: 4a6decb5f39980f0be8169474b2f2db9f76f77dc83353cdf815e7790b51ed29775eb316e77a868b5c80c4587e8c98d533eef484c0b76f856c576282a8c52920f
  languageName: node
  linkType: hard

"is-extglob@npm:^2.1.1":
  version: 2.1.1
  resolution: "is-extglob@npm:2.1.1"
  checksum: 226b9f6eee1e7da52f72c98ed4ea7fc71ee3a087b6d1c62655c9a81c601caa2fd98b9f9be42fb8163eef2720cdbf046bc7c5548a76755651e540f4b08ff3b120
  languageName: node
  linkType: hard

"is-glob@npm:^4.0.1, is-glob@npm:^4.0.3":
  version: 4.0.3
  resolution: "is-glob@npm:4.0.3"
  dependencies:
    is-extglob: "npm:^2.1.1"
  checksum: 0b2f6c06162a1d6c764b2f1cf0f2617b6e0cb1e8125c0e3b7e838a3e06caac81268ab3c0a4699052df59229c99e8a1dd0217b30476d7643a37fa17a49f1b50af
  languageName: node
  linkType: hard

"is-number@npm:^7.0.0":
  version: 7.0.0
  resolution: "is-number@npm:7.0.0"
  checksum: 748df55ae14cc960b090a7611932940df9fa703b7e0fb4f73943b4eb94c4b5391f27ba3881fab8f5bf7a2f097490e812db0d58d05c92154e70fdf14f93d6fa95
  languageName: node
  linkType: hard

"is-plain-obj@npm:2.1.0":
  version: 2.1.0
  resolution: "is-plain-obj@npm:2.1.0"
  checksum: d07f99715f51b58ef452a809a416bd75da7ea10152f53adf469dd30b1e262e60f6f9c1182534a7ceb3e82a5516cd9aa9548d6dfd5df7ce03f6298b19691c81df
  languageName: node
  linkType: hard

"is-wsl@npm:^2.2.0":
  version: 2.2.0
  resolution: "is-wsl@npm:2.2.0"
  dependencies:
    is-docker: "npm:^2.0.0"
  checksum: 44a5dd51a565631dc02905673e6fc1eded217f5039a20ded7ab17ced7352746937f08dac3f4eecafe5ac854528d6fef2378d8d2ffaab0e6d10109f6a36ed4986
  languageName: node
  linkType: hard

"isexe@npm:^2.0.0":
  version: 2.0.0
  resolution: "isexe@npm:2.0.0"
  checksum: b37fe0a7983c0c151c7b31ca716405aaea190ac9cd6ef3f79355f4afb043ed4d3182a6addd73b20df7a0b229269737ad0daf64116821a048bfbe6b8fb7eb842c
  languageName: node
  linkType: hard

"merge2@npm:^1.2.3, merge2@npm:^1.3.0":
  version: 1.4.1
  resolution: "merge2@npm:1.4.1"
  checksum: d58d7c31e24ccb93509def2af306eca9a55ad8b8862a26ea7deda3c9338e5d33365f57197ad37af68c319e5e2a1faf089e5d05894d0dc29ff07025b30b8ff8b0
  languageName: node
  linkType: hard

"micromatch@npm:^4.0.4":
  version: 4.0.5
  resolution: "micromatch@npm:4.0.5"
  dependencies:
    braces: "npm:^3.0.2"
    picomatch: "npm:^2.3.1"
  checksum: 260305ba8cb1f073a39bbaa31edc93f7587399a094417541dc771402f83c78819ed76743c810c9fcf1c449f09bfb4de263dad8507d532e4e86063a87158a2ad6
  languageName: node
  linkType: hard

"minimatch@npm:^3.1.1":
  version: 3.1.2
  resolution: "minimatch@npm:3.1.2"
  dependencies:
    brace-expansion: "npm:^1.1.7"
  checksum: 97f5615ee8f7c0019277dadef7b2b81e5c60d369cb3155cbfb9da72688aef2edb652b105353ff08a6575ae95a6189d1c09a0829b9c254f60849148457c4d8a66
  languageName: node
  linkType: hard

"mvdan-sh@npm:^0.10.1":
  version: 0.10.1
  resolution: "mvdan-sh@npm:0.10.1"
  checksum: c1adb011fb9335906f6a689a93303f619912ab6b9a3c9d42189cdde8fdbd4676797e13ff8e1018b9e70a198170554d01d40d784b5077815f392e1fa2286b4f5c
  languageName: node
  linkType: hard

"neuronek@workspace:.":
  version: 0.0.0-use.local
  resolution: "neuronek@workspace:."
  dependencies:
    prettier: "npm:^2.7.1"
    prettier-plugin-packagejson: "npm:2.3.0"
    prettier-plugin-prisma: "npm:4.8.0"
    prettier-plugin-properties: "npm:0.2.0"
    prettier-plugin-sh: "npm:0.12.8"
    turbo: "npm:^1.7.0"
  languageName: unknown
  linkType: soft

"once@npm:^1.3.0":
  version: 1.4.0
  resolution: "once@npm:1.4.0"
  dependencies:
    wrappy: "npm:1"
  checksum: 12d5c6ece331855387577e71c96ab5b60269390b131cf9403494206274fa520221c88f8b8d431d7227d080127730460da8907c402ab4142e592c34aacb5c9817
  languageName: node
  linkType: hard

"open@npm:^8.4.0":
  version: 8.4.0
  resolution: "open@npm:8.4.0"
  dependencies:
    define-lazy-prop: "npm:^2.0.0"
    is-docker: "npm:^2.1.1"
    is-wsl: "npm:^2.2.0"
  checksum: 287db1bc10b3927b247d7c125d3ef998c410f57f434619a9d93f3e1384ff025ef12c18c1cfde1cb8f23f1326fb2bfe2634c789737bb65c18183015b5de81f594
  languageName: node
  linkType: hard

"path-is-absolute@npm:^1.0.0":
  version: 1.0.1
  resolution: "path-is-absolute@npm:1.0.1"
  checksum: 6bb8fef4324c3f744e5d216980aa053095e1fc533d40fa47f9c1adc16be7fa52d3c4858370c7685406c32ab143a4dca0798f2e2c0f57d7937af66d8dd79267f6
  languageName: node
  linkType: hard

"path-key@npm:^3.1.0":
  version: 3.1.1
  resolution: "path-key@npm:3.1.1"
  checksum: 93ee8a32e3be43548ece14eba2620bf5164884d0cc1aa3615d136567a39e02066c9b5aeb5b6747d766af55936151c95d9371ba46d4fcf361db9691505650c001
  languageName: node
  linkType: hard

"path-type@npm:^4.0.0":
  version: 4.0.0
  resolution: "path-type@npm:4.0.0"
  checksum: 6a9330ad8d96f31e929feb414cde2959078379ba5a48c9e3eab34f280d7850eec6a0fa3ed5be9150e9e4d7df5139c1ae92f891b18167528553a11382d8f54183
  languageName: node
  linkType: hard

"picocolors@npm:^1.0.0":
  version: 1.0.0
  resolution: "picocolors@npm:1.0.0"
  checksum: 447e1f6e4953522a3947f2effa93dca66f2436a7c275327ba1a7fb526eab369fc9847d77ebcd734dc483322256f34b431e93a325e44726e4ec390c11cc7f5c87
  languageName: node
  linkType: hard

"picomatch@npm:^2.3.1":
  version: 2.3.1
  resolution: "picomatch@npm:2.3.1"
  checksum: 6ba5938c24af2c5918e94b39aa0ad48d71f2c30634de69d46e0bd32feb666de4e909406db6ffb78f98d39ef450d6a41b6fa3954dc3659d7b2b750766c1261e5e
  languageName: node
  linkType: hard

"prettier-plugin-packagejson@npm:2.3.0":
  version: 2.3.0
  resolution: "prettier-plugin-packagejson@npm:2.3.0"
  dependencies:
    sort-package-json: "npm:1.57.0"
  peerDependencies:
    prettier: ">= 1.16.0"
  peerDependenciesMeta:
    prettier:
      optional: true
  checksum: 4a0a6703c4a44aef1bbb2cefcb5bb91f15b3fbefd6849641cd50afe5cd70ef94229514724815f57918f277122840b915362e4cebee921c23783947baa4e2ffca
  languageName: node
  linkType: hard

"prettier-plugin-prisma@npm:4.8.0":
  version: 4.8.0
  resolution: "prettier-plugin-prisma@npm:4.8.0"
  dependencies:
    "@prisma/prisma-fmt-wasm": "npm:4.8.0-62.351fb726ff78e50c7d6db6331d66d4db0e378c53"
  peerDependencies:
    prettier: ">=2"
  checksum: 5be9f2daa5d0ae235e7a617072c6078a766d7bb575e1fb60820d20ec76c2ea1b21a5eb5dd050d6ef5b9b79c3823385cfdac9238bb5284aab3bcb09a620286302
  languageName: node
  linkType: hard

"prettier-plugin-properties@npm:0.2.0":
  version: 0.2.0
  resolution: "prettier-plugin-properties@npm:0.2.0"
  dependencies:
    dot-properties: "npm:^1.0.0"
  checksum: 3e979bd6eee280b8282af04198b0fa16eb40257ee76df49b03a812e4e4232890800abafa898d1f18d6c7cf86462878ab11f4a9dea3ce6462014bf2c164ad3711
  languageName: node
  linkType: hard

"prettier-plugin-sh@npm:0.12.8":
  version: 0.12.8
  resolution: "prettier-plugin-sh@npm:0.12.8"
  dependencies:
    mvdan-sh: "npm:^0.10.1"
    sh-syntax: "npm:^0.3.6"
    synckit: "npm:^0.8.1"
  peerDependencies:
    prettier: ^2.0.0
  checksum: 3ab76f6f0971862307491bb41fca9700978d0e95c183cda21cfeccb94fdf01a6ee04aa44b477368b98430af6f7bf4503d9b70607504afcb39cd6bbe7cd14abc8
  languageName: node
  linkType: hard

"prettier@npm:^2.7.1":
  version: 2.8.2
  resolution: "prettier@npm:2.8.2"
  bin:
    prettier: bin-prettier.js
  checksum: a03ed99722f92e36e5c63b5dd5008d2b3d8d25d26c2894d3fd9a2bd887265af753af94c532990c3509711c74270df0b31f3c22110d5cc19ae3f0ee85079fb57b
  languageName: node
  linkType: hard

"queue-microtask@npm:^1.2.2":
  version: 1.2.3
  resolution: "queue-microtask@npm:1.2.3"
  checksum: 84624bee6c25c9d9776242ce0dcc3e15f703d897f4b7d982f32ef4d88c51048507a0999d9ff038ec46f65901655460b69240e414da1cebc2d723987ec81cbae8
  languageName: node
  linkType: hard

"reusify@npm:^1.0.4":
  version: 1.0.4
  resolution: "reusify@npm:1.0.4"
  checksum: 3d0f10293851d5a50453257bb837ad973b046fc51fa489c46f3a480e0e3a9cf249babb30a493ad5f802a71510b2ee4e65a4609a644f98b3413575ab707f841d7
  languageName: node
  linkType: hard

"run-parallel@npm:^1.1.9":
  version: 1.2.0
  resolution: "run-parallel@npm:1.2.0"
  dependencies:
    queue-microtask: "npm:^1.2.2"
  checksum: 45bff4f6664ae79b8653ebd32c6e9e9e37139683f7bd1d54d5a05c409c9d167ece16c9b7e36a99ac4bb7a08b5f72b4084a1e08eba443bc6e2ca9044ef972752c
  languageName: node
  linkType: hard

"sh-syntax@npm:^0.3.6":
  version: 0.3.7
  resolution: "sh-syntax@npm:0.3.7"
  dependencies:
    tslib: "npm:^2.4.0"
  checksum: 9313da86b60ed3b3cfa6a99c01366dd2a074cb1a6a0ae5433c5314b9e6eb07705708fb5f12d85aa897c82d401122efdbeda1e84605e167afb7fde620ee0fe65d
  languageName: node
  linkType: hard

"shebang-command@npm:^2.0.0":
  version: 2.0.0
  resolution: "shebang-command@npm:2.0.0"
  dependencies:
    shebang-regex: "npm:^3.0.0"
  checksum: 5907a8d5facbefbd4dc8d21778d2136d5d22d61b5526452d92d46662614f0ed57090e7adf7184fe9d2d5ef75af9f05d7573437e10b37f2e6fdeeeb5f59fd9ada
  languageName: node
  linkType: hard

"shebang-regex@npm:^3.0.0":
  version: 3.0.0
  resolution: "shebang-regex@npm:3.0.0"
  checksum: 6be1588a86ed74d05481d09a6ef6a8db44550fda9785ae08c3df06717abc2e5e9a11804b1d0ac9b0641870c5ebf545e18c8d348bc105ba09227e6a32415ea1d6
  languageName: node
  linkType: hard

"slash@npm:^3.0.0":
  version: 3.0.0
  resolution: "slash@npm:3.0.0"
  checksum: b88a0f1086e3cd20c8b61f50d8afff5fba83f95167a86432f54387565c9424e5d1970612371f768c128ed4b5b1c427120382bafc8c9edf0b3737eb226b733687
  languageName: node
  linkType: hard

"sort-object-keys@npm:^1.1.3":
  version: 1.1.3
  resolution: "sort-object-keys@npm:1.1.3"
  checksum: c5538e356236165176363e724a4fe99fa0f7eaab8c9f8afce34e5bbe415da89397767c7e90b5ef3b7a5f5c517923869c9e72a89b2a99eacc823144766ccff670
  languageName: node
  linkType: hard

"sort-package-json@npm:1.57.0":
  version: 1.57.0
  resolution: "sort-package-json@npm:1.57.0"
  dependencies:
    detect-indent: "npm:^6.0.0"
    detect-newline: "npm:3.1.0"
    git-hooks-list: "npm:1.0.3"
    globby: "npm:10.0.0"
    is-plain-obj: "npm:2.1.0"
    sort-object-keys: "npm:^1.1.3"
  bin:
    sort-package-json: cli.js
  checksum: adb9a154a6c1023155c3add97325ed1277919e8c9a428ad5b2dd64db78a95305db867bf429e3e4b8bafc1dc598b961480f2e03e04db95b6c9d6f75c7ed64b619
  languageName: node
  linkType: hard

"synckit@npm:^0.8.1":
  version: 0.8.4
  resolution: "synckit@npm:0.8.4"
  dependencies:
    "@pkgr/utils": "npm:^2.3.1"
    tslib: "npm:^2.4.0"
  checksum: 4e48556558263008c05df5f747b20b34ba919d7b41dda61e0756d3a7e26ade65b1b2c30e2772f8a5782fac01a6973d6bb5cd9d5636c8f04f61a1bded9e9feea7
  languageName: node
  linkType: hard

"tiny-glob@npm:^0.2.9":
  version: 0.2.9
  resolution: "tiny-glob@npm:0.2.9"
  dependencies:
    globalyzer: "npm:0.1.0"
    globrex: "npm:^0.1.2"
  checksum: 41f9a38124164bda6a2149f951e046c555a508ce22cbad2d08b7d4066622faa6933feae503c647815342b9e461ffc93cf7e41b28e835030480b081e000b1caf7
  languageName: node
  linkType: hard

"to-regex-range@npm:^5.0.1":
  version: 5.0.1
  resolution: "to-regex-range@npm:5.0.1"
  dependencies:
    is-number: "npm:^7.0.0"
  checksum: 16564897c76bbd25bd3c375ee8d4b1fd3ac965fc4ab550ff034a1dddb53816ec06dc27095468394ad4de5978d5e831a9d1ae4cb31080dc4ebd9ba80a47dc1a4f
  languageName: node
  linkType: hard

"tslib@npm:^2.4.0":
  version: 2.4.1
  resolution: "tslib@npm:2.4.1"
  checksum: a739a21e3ff059e62c7c3c0845333fbc9c081bcc91e015f2d246a31eeaf1fb0e29b10c0913c7d22f692b3203bb469fd60ca5288aa4f27d351a969df2d0714899
  languageName: node
  linkType: hard

"turbo-darwin-64@npm:1.7.0":
  version: 1.7.0
  resolution: "turbo-darwin-64@npm:1.7.0"
  conditions: os=darwin & cpu=x64
  languageName: node
  linkType: hard

"turbo-darwin-arm64@npm:1.7.0":
  version: 1.7.0
  resolution: "turbo-darwin-arm64@npm:1.7.0"
  conditions: os=darwin & cpu=arm64
  languageName: node
  linkType: hard

"turbo-linux-64@npm:1.7.0":
  version: 1.7.0
  resolution: "turbo-linux-64@npm:1.7.0"
  conditions: os=linux & cpu=x64
  languageName: node
  linkType: hard

"turbo-linux-arm64@npm:1.7.0":
  version: 1.7.0
  resolution: "turbo-linux-arm64@npm:1.7.0"
  conditions: os=linux & cpu=arm64
  languageName: node
  linkType: hard

"turbo-windows-64@npm:1.7.0":
  version: 1.7.0
  resolution: "turbo-windows-64@npm:1.7.0"
  conditions: os=win32 & cpu=x64
  languageName: node
  linkType: hard

"turbo-windows-arm64@npm:1.7.0":
  version: 1.7.0
  resolution: "turbo-windows-arm64@npm:1.7.0"
  conditions: os=win32 & cpu=arm64
  languageName: node
  linkType: hard

"turbo@npm:^1.7.0":
  version: 1.7.0
  resolution: "turbo@npm:1.7.0"
  dependencies:
    turbo-darwin-64: "npm:1.7.0"
    turbo-darwin-arm64: "npm:1.7.0"
    turbo-linux-64: "npm:1.7.0"
    turbo-linux-arm64: "npm:1.7.0"
    turbo-windows-64: "npm:1.7.0"
    turbo-windows-arm64: "npm:1.7.0"
  dependenciesMeta:
    turbo-darwin-64:
      optional: true
    turbo-darwin-arm64:
      optional: true
    turbo-linux-64:
      optional: true
    turbo-linux-arm64:
      optional: true
    turbo-windows-64:
      optional: true
    turbo-windows-arm64:
      optional: true
  bin:
    turbo: bin/turbo
  checksum: b66b4b0f98f6c502f24cd14dde8f4d21d022afa197f81b554c6e5119dafd7ce138369b3925aac72ae6534cb9a4db07a3ce8b088350ed114480be909372f6f6b2
  languageName: node
  linkType: hard

"which@npm:^2.0.1":
  version: 2.0.2
  resolution: "which@npm:2.0.2"
  dependencies:
    isexe: "npm:^2.0.0"
  bin:
    node-which: ./bin/node-which
  checksum: 3728616c789b289c36ba2572887145e0736f06fe3435b8fef17e27eb5ec0696f61a21e356dd7fa58486346e57186863afa1b6c27c7665f7e674c8124f7f61157
  languageName: node
  linkType: hard

"wrappy@npm:1":
  version: 1.0.2
  resolution: "wrappy@npm:1.0.2"
  checksum: 37d243a577dfeee20586eae1e3208dfb4e4cea1211a2a4116a19b50d91e619ff3dbc5ec934e28ca9baaa11a65df826c8d65c5fd1bb81f0ce0dadb469d47061c2
  languageName: node
  linkType: hard
